speakeasyVersion: 1.763.2
sources:
    Que API:
        sourceNamespace: que-api
        sourceRevisionDigest: sha256:378482f111b124124ecfee0dffb165620be4c2c8f12dbcf22aec7894cf29d61c
        sourceBlobDigest: sha256:8ab95644915c337c31808d56e999eb72eb2c129f76247cc3c07cf77ab803502e
        tags:
            - latest
            - 1.0.0
targets:
    que:
        source: Que API
        sourceNamespace: que-api
        sourceRevisionDigest: sha256:378482f111b124124ecfee0dffb165620be4c2c8f12dbcf22aec7894cf29d61c
        sourceBlobDigest: sha256:8ab95644915c337c31808d56e999eb72eb2c129f76247cc3c07cf77ab803502e
        codeSamplesNamespace: que-api-go-code-samples
        codeSamplesRevisionDigest: sha256:2b57aad98d03ba4da44a8a7bd4a0f76784cce9dc51e7595793f0f418a246d318
workflow:
    workflowVersion: 1.0.0
    speakeasyVersion: latest
    sources:
        Que API:
            inputs:
                - location: ./openapi.yaml
            output: .speakeasy/out.openapi.yaml
            registry:
                location: registry.speakeasyapi.dev/que-7x8/que/que-api
    targets:
        que:
            target: go
            source: Que API
            codeSamples:
                registry:
                    location: registry.speakeasyapi.dev/que-7x8/que/que-api-go-code-samples
                labelOverride:
                    fixedValue: Go (SDK)
                blocking: false
